
Microsoft Visual Studio Solution File, Format Version 12.00
# Visual Studio Version 17
VisualStudioVersion = 17.0.31903.59
MinimumVisualStudioVersion = 10.0.40219.1
Project("{2150E333-8FDC-42A3-9474-1A3956D46DE8}") = "samples", "samples", "{7775D631-92F3-4729-9A37-B672EFF98723}"
EndProject
Project("{2150E333-8FDC-42A3-9474-1A3956D46DE8}") = "AuthorSystem", "AuthorSystem", "{994DEFF9-0ED1-423B-92C9-8FC96E702CA6}"
EndProject
Project("{FAE04EC0-301F-11D3-BF4B-00C04F79EFBC}") = "AuthorSystem.Application", "samples\AuthorSystem\AuthorSystem.Application\AuthorSystem.Application.csproj", "{75D2DF1D-7EC2-4CFA-B01B-39F62DD51A36}"
EndProject
Project("{FAE04EC0-301F-11D3-BF4B-00C04F79EFBC}") = "AuthorSystem.Domain", "samples\AuthorSystem\AuthorSystem.Domain\AuthorSystem.Domain.csproj", "{9FB1FED3-FB73-451A-A824-1659275C899A}"
EndProject
Project("{FAE04EC0-301F-11D3-BF4B-00C04F79EFBC}") = "AuthorSystem.Host", "samples\AuthorSystem\AuthorSystem.Host\AuthorSystem.Host.csproj", "{1F5629C4-B338-48C7-A31D-DFBC7FB59DE2}"
EndProject
Project("{FAE04EC0-301F-11D3-BF4B-00C04F79EFBC}") = "AuthorSystem.Infrastructure", "samples\AuthorSystem\AuthorSystem.Infrastructure\AuthorSystem.Infrastructure.csproj", "{72DA8946-AAEC-4457-B762-054E203614CA}"
EndProject
Project("{2150E333-8FDC-42A3-9474-1A3956D46DE8}") = "BookStore", "BookStore", "{1B708528-0D36-472B-ABB7-C5B7BE8A2EDC}"
EndProject
Project("{FAE04EC0-301F-11D3-BF4B-00C04F79EFBC}") = "BookStore.Application", "samples\BookStore\BookStore.Application\BookStore.Application.csproj", "{8AA449D3-8F1D-40B1-973C-56D3B76A6636}"
EndProject
Project("{FAE04EC0-301F-11D3-BF4B-00C04F79EFBC}") = "BookStore.Domain", "samples\BookStore\BookStore.Domain\BookStore.Domain.csproj", "{1B79FCF3-CAE8-459D-A11C-C9A2110900F9}"
EndProject
Project("{FAE04EC0-301F-11D3-BF4B-00C04F79EFBC}") = "BookStore.Infrastructure", "samples\BookStore\BookStore.Infrastructure\BookStore.Infrastructure.csproj", "{36AA125B-34CB-4961-A0A8-24CD83504478}"
EndProject
Project("{FAE04EC0-301F-11D3-BF4B-00C04F79EFBC}") = "BookStore.Nats.Api", "samples\BookStore\BookStore.Nats.Api\BookStore.Nats.Api.csproj", "{09138F7C-9DDD-4595-9E5B-75D82524156F}"
EndProject
Project("{FAE04EC0-301F-11D3-BF4B-00C04F79EFBC}") = "BookStore.Nats.Client", "samples\BookStore\BookStore.Nats.Client\BookStore.Nats.Client.csproj", "{3700142E-4001-4B5A-AFCD-EDA257B8E428}"
EndProject
Project("{FAE04EC0-301F-11D3-BF4B-00C04F79EFBC}") = "BookStore.Web.Api", "samples\BookStore\BookStore.Web.Api\BookStore.Web.Api.csproj", "{3F910FDC-7D38-4345-A4AB-CDA15CBD3202}"
EndProject
Project("{2150E333-8FDC-42A3-9474-1A3956D46DE8}") = "EmailSystem", "EmailSystem", "{04B6755E-1892-4BB2-867F-0BF355B3D92A}"
EndProject
Project("{FAE04EC0-301F-11D3-BF4B-00C04F79EFBC}") = "EmailSystem.Application.Contracts", "samples\EmailSystem\EmailSystem.Application.Contracts\EmailSystem.Application.Contracts.csproj", "{B0496534-D53E-45D5-93EF-C3D47544C788}"
EndProject
Project("{FAE04EC0-301F-11D3-BF4B-00C04F79EFBC}") = "EmailSystem.Application", "samples\EmailSystem\EmailSystem.Application\EmailSystem.Application.csproj", "{568985A5-BDB6-482C-BEF6-812C497E1282}"
EndProject
Project("{FAE04EC0-301F-11D3-BF4B-00C04F79EFBC}") = "EmailSystem.Domain", "samples\EmailSystem\EmailSystem.Domain\EmailSystem.Domain.csproj", "{19256173-9035-40FF-9829-C1D2770E4664}"
EndProject
Project("{FAE04EC0-301F-11D3-BF4B-00C04F79EFBC}") = "EmailSystem.Host", "samples\EmailSystem\EmailSystem.Host\EmailSystem.Host.csproj", "{1DE41375-C79D-4AB2-B89B-470C0E51948B}"
EndProject
Project("{FAE04EC0-301F-11D3-BF4B-00C04F79EFBC}") = "EmailSystem.Infrastructure", "samples\EmailSystem\EmailSystem.Infrastructure\EmailSystem.Infrastructure.csproj", "{D264C680-356A-4116-9D5C-262F1D02125B}"
EndProject
Project("{2150E333-8FDC-42A3-9474-1A3956D46DE8}") = "src", "src", "{ED17DA3E-EB84-44E0-BCF2-29AB4F16C717}"
EndProject
Project("{FAE04EC0-301F-11D3-BF4B-00C04F79EFBC}") = "EdgeSync.ServiceFramework.Abstractions", "src\EdgeSync.ServiceFramework.Abstractions\EdgeSync.ServiceFramework.Abstractions.csproj", "{86C963F5-A652-4561-893B-5103AE5A96EA}"
EndProject
Project("{FAE04EC0-301F-11D3-BF4B-00C04F79EFBC}") = "EdgeSync.ServiceFramework.AspNetCore.Mvc", "src\EdgeSync.ServiceFramework.AspNetCore.Mvc\EdgeSync.ServiceFramework.AspNetCore.Mvc.csproj", "{7C29DE66-AF8E-435F-AB57-2C0B11F01A5B}"
EndProject
Project("{FAE04EC0-301F-11D3-BF4B-00C04F79EFBC}") = "EdgeSync.ServiceFramework.Core", "src\EdgeSync.ServiceFramework.Core\EdgeSync.ServiceFramework.Core.csproj", "{B9708DA1-1CC5-4C16-A472-3D9D368E256F}"
EndProject
Project("{FAE04EC0-301F-11D3-BF4B-00C04F79EFBC}") = "EdgeSync.ServiceFramework.DependencyInjection", "src\EdgeSync.ServiceFramework.DependencyInjection\EdgeSync.ServiceFramework.DependencyInjection.csproj", "{7C54199C-A9EF-42A5-9E01-4025E9D4A4EC}"
EndProject
Project("{FAE04EC0-301F-11D3-BF4B-00C04F79EFBC}") = "EdgeSync.ServiceFramework.Testlib", "src\EdgeSync.ServiceFramework.Testlib\EdgeSync.ServiceFramework.Testlib.csproj", "{C9FA36F0-516B-4377-8EF1-8AEF3DAD3B37}"
EndProject
Global
	GlobalSection(SolutionConfigurationPlatforms) = preSolution
		Debug|Any CPU = Debug|Any CPU
		Release|Any CPU = Release|Any CPU
	EndGlobalSection
	GlobalSection(SolutionProperties) = preSolution
		HideSolutionNode = FALSE
	EndGlobalSection
	GlobalSection(ProjectConfigurationPlatforms) = postSolution
		{75D2DF1D-7EC2-4CFA-B01B-39F62DD51A36}.Debug|Any CPU.ActiveCfg = Debug|Any CPU
		{75D2DF1D-7EC2-4CFA-B01B-39F62DD51A36}.Debug|Any CPU.Build.0 = Debug|Any CPU
		{75D2DF1D-7EC2-4CFA-B01B-39F62DD51A36}.Release|Any CPU.ActiveCfg = Release|Any CPU
		{75D2DF1D-7EC2-4CFA-B01B-39F62DD51A36}.Release|Any CPU.Build.0 = Release|Any CPU
		{9FB1FED3-FB73-451A-A824-1659275C899A}.Debug|Any CPU.ActiveCfg = Debug|Any CPU
		{9FB1FED3-FB73-451A-A824-1659275C899A}.Debug|Any CPU.Build.0 = Debug|Any CPU
		{9FB1FED3-FB73-451A-A824-1659275C899A}.Release|Any CPU.ActiveCfg = Release|Any CPU
		{9FB1FED3-FB73-451A-A824-1659275C899A}.Release|Any CPU.Build.0 = Release|Any CPU
		{1F5629C4-B338-48C7-A31D-DFBC7FB59DE2}.Debug|Any CPU.ActiveCfg = Debug|Any CPU
		{1F5629C4-B338-48C7-A31D-DFBC7FB59DE2}.Debug|Any CPU.Build.0 = Debug|Any CPU
		{1F5629C4-B338-48C7-A31D-DFBC7FB59DE2}.Release|Any CPU.ActiveCfg = Release|Any CPU
		{1F5629C4-B338-48C7-A31D-DFBC7FB59DE2}.Release|Any CPU.Build.0 = Release|Any CPU
		{72DA8946-AAEC-4457-B762-054E203614CA}.Debug|Any CPU.ActiveCfg = Debug|Any CPU
		{72DA8946-AAEC-4457-B762-054E203614CA}.Debug|Any CPU.Build.0 = Debug|Any CPU
		{72DA8946-AAEC-4457-B762-054E203614CA}.Release|Any CPU.ActiveCfg = Release|Any CPU
		{72DA8946-AAEC-4457-B762-054E203614CA}.Release|Any CPU.Build.0 = Release|Any CPU
		{8AA449D3-8F1D-40B1-973C-56D3B76A6636}.Debug|Any CPU.ActiveCfg = Debug|Any CPU
		{8AA449D3-8F1D-40B1-973C-56D3B76A6636}.Debug|Any CPU.Build.0 = Debug|Any CPU
		{8AA449D3-8F1D-40B1-973C-56D3B76A6636}.Release|Any CPU.ActiveCfg = Release|Any CPU
		{8AA449D3-8F1D-40B1-973C-56D3B76A6636}.Release|Any CPU.Build.0 = Release|Any CPU
		{1B79FCF3-CAE8-459D-A11C-C9A2110900F9}.Debug|Any CPU.ActiveCfg = Debug|Any CPU
		{1B79FCF3-CAE8-459D-A11C-C9A2110900F9}.Debug|Any CPU.Build.0 = Debug|Any CPU
		{1B79FCF3-CAE8-459D-A11C-C9A2110900F9}.Release|Any CPU.ActiveCfg = Release|Any CPU
		{1B79FCF3-CAE8-459D-A11C-C9A2110900F9}.Release|Any CPU.Build.0 = Release|Any CPU
		{36AA125B-34CB-4961-A0A8-24CD83504478}.Debug|Any CPU.ActiveCfg = Debug|Any CPU
		{36AA125B-34CB-4961-A0A8-24CD83504478}.Debug|Any CPU.Build.0 = Debug|Any CPU
		{36AA125B-34CB-4961-A0A8-24CD83504478}.Release|Any CPU.ActiveCfg = Release|Any CPU
		{36AA125B-34CB-4961-A0A8-24CD83504478}.Release|Any CPU.Build.0 = Release|Any CPU
		{09138F7C-9DDD-4595-9E5B-75D82524156F}.Debug|Any CPU.ActiveCfg = Debug|Any CPU
		{09138F7C-9DDD-4595-9E5B-75D82524156F}.Debug|Any CPU.Build.0 = Debug|Any CPU
		{09138F7C-9DDD-4595-9E5B-75D82524156F}.Release|Any CPU.ActiveCfg = Release|Any CPU
		{09138F7C-9DDD-4595-9E5B-75D82524156F}.Release|Any CPU.Build.0 = Release|Any CPU
		{3700142E-4001-4B5A-AFCD-EDA257B8E428}.Debug|Any CPU.ActiveCfg = Debug|Any CPU
		{3700142E-4001-4B5A-AFCD-EDA257B8E428}.Debug|Any CPU.Build.0 = Debug|Any CPU
		{3700142E-4001-4B5A-AFCD-EDA257B8E428}.Release|Any CPU.ActiveCfg = Release|Any CPU
		{3700142E-4001-4B5A-AFCD-EDA257B8E428}.Release|Any CPU.Build.0 = Release|Any CPU
		{3F910FDC-7D38-4345-A4AB-CDA15CBD3202}.Debug|Any CPU.ActiveCfg = Debug|Any CPU
		{3F910FDC-7D38-4345-A4AB-CDA15CBD3202}.Debug|Any CPU.Build.0 = Debug|Any CPU
		{3F910FDC-7D38-4345-A4AB-CDA15CBD3202}.Release|Any CPU.ActiveCfg = Release|Any CPU
		{3F910FDC-7D38-4345-A4AB-CDA15CBD3202}.Release|Any CPU.Build.0 = Release|Any CPU
		{B0496534-D53E-45D5-93EF-C3D47544C788}.Debug|Any CPU.ActiveCfg = Debug|Any CPU
		{B0496534-D53E-45D5-93EF-C3D47544C788}.Debug|Any CPU.Build.0 = Debug|Any CPU
		{B0496534-D53E-45D5-93EF-C3D47544C788}.Release|Any CPU.ActiveCfg = Release|Any CPU
		{B0496534-D53E-45D5-93EF-C3D47544C788}.Release|Any CPU.Build.0 = Release|Any CPU
		{568985A5-BDB6-482C-BEF6-812C497E1282}.Debug|Any CPU.ActiveCfg = Debug|Any CPU
		{568985A5-BDB6-482C-BEF6-812C497E1282}.Debug|Any CPU.Build.0 = Debug|Any CPU
		{568985A5-BDB6-482C-BEF6-812C497E1282}.Release|Any CPU.ActiveCfg = Release|Any CPU
		{568985A5-BDB6-482C-BEF6-812C497E1282}.Release|Any CPU.Build.0 = Release|Any CPU
		{19256173-9035-40FF-9829-C1D2770E4664}.Debug|Any CPU.ActiveCfg = Debug|Any CPU
		{19256173-9035-40FF-9829-C1D2770E4664}.Debug|Any CPU.Build.0 = Debug|Any CPU
		{19256173-9035-40FF-9829-C1D2770E4664}.Release|Any CPU.ActiveCfg = Release|Any CPU
		{19256173-9035-40FF-9829-C1D2770E4664}.Release|Any CPU.Build.0 = Release|Any CPU
		{1DE41375-C79D-4AB2-B89B-470C0E51948B}.Debug|Any CPU.ActiveCfg = Debug|Any CPU
		{1DE41375-C79D-4AB2-B89B-470C0E51948B}.Debug|Any CPU.Build.0 = Debug|Any CPU
		{1DE41375-C79D-4AB2-B89B-470C0E51948B}.Release|Any CPU.ActiveCfg = Release|Any CPU
		{1DE41375-C79D-4AB2-B89B-470C0E51948B}.Release|Any CPU.Build.0 = Release|Any CPU
		{D264C680-356A-4116-9D5C-262F1D02125B}.Debug|Any CPU.ActiveCfg = Debug|Any CPU
		{D264C680-356A-4116-9D5C-262F1D02125B}.Debug|Any CPU.Build.0 = Debug|Any CPU
		{D264C680-356A-4116-9D5C-262F1D02125B}.Release|Any CPU.ActiveCfg = Release|Any CPU
		{D264C680-356A-4116-9D5C-262F1D02125B}.Release|Any CPU.Build.0 = Release|Any CPU
		{86C963F5-A652-4561-893B-5103AE5A96EA}.Debug|Any CPU.ActiveCfg = Debug|Any CPU
		{86C963F5-A652-4561-893B-5103AE5A96EA}.Debug|Any CPU.Build.0 = Debug|Any CPU
		{86C963F5-A652-4561-893B-5103AE5A96EA}.Release|Any CPU.ActiveCfg = Release|Any CPU
		{86C963F5-A652-4561-893B-5103AE5A96EA}.Release|Any CPU.Build.0 = Release|Any CPU
		{7C29DE66-AF8E-435F-AB57-2C0B11F01A5B}.Debug|Any CPU.ActiveCfg = Debug|Any CPU
		{7C29DE66-AF8E-435F-AB57-2C0B11F01A5B}.Debug|Any CPU.Build.0 = Debug|Any CPU
		{7C29DE66-AF8E-435F-AB57-2C0B11F01A5B}.Release|Any CPU.ActiveCfg = Release|Any CPU
		{7C29DE66-AF8E-435F-AB57-2C0B11F01A5B}.Release|Any CPU.Build.0 = Release|Any CPU
		{B9708DA1-1CC5-4C16-A472-3D9D368E256F}.Debug|Any CPU.ActiveCfg = Debug|Any CPU
		{B9708DA1-1CC5-4C16-A472-3D9D368E256F}.Debug|Any CPU.Build.0 = Debug|Any CPU
		{B9708DA1-1CC5-4C16-A472-3D9D368E256F}.Release|Any CPU.ActiveCfg = Release|Any CPU
		{B9708DA1-1CC5-4C16-A472-3D9D368E256F}.Release|Any CPU.Build.0 = Release|Any CPU
		{7C54199C-A9EF-42A5-9E01-4025E9D4A4EC}.Debug|Any CPU.ActiveCfg = Debug|Any CPU
		{7C54199C-A9EF-42A5-9E01-4025E9D4A4EC}.Debug|Any CPU.Build.0 = Debug|Any CPU
		{7C54199C-A9EF-42A5-9E01-4025E9D4A4EC}.Release|Any CPU.ActiveCfg = Release|Any CPU
		{7C54199C-A9EF-42A5-9E01-4025E9D4A4EC}.Release|Any CPU.Build.0 = Release|Any CPU
		{C9FA36F0-516B-4377-8EF1-8AEF3DAD3B37}.Debug|Any CPU.ActiveCfg = Debug|Any CPU
		{C9FA36F0-516B-4377-8EF1-8AEF3DAD3B37}.Debug|Any CPU.Build.0 = Debug|Any CPU
		{C9FA36F0-516B-4377-8EF1-8AEF3DAD3B37}.Release|Any CPU.ActiveCfg = Release|Any CPU
		{C9FA36F0-516B-4377-8EF1-8AEF3DAD3B37}.Release|Any CPU.Build.0 = Release|Any CPU
	EndGlobalSection
	GlobalSection(NestedProjects) = preSolution
		{994DEFF9-0ED1-423B-92C9-8FC96E702CA6} = {7775D631-92F3-4729-9A37-B672EFF98723}
		{75D2DF1D-7EC2-4CFA-B01B-39F62DD51A36} = {994DEFF9-0ED1-423B-92C9-8FC96E702CA6}
		{9FB1FED3-FB73-451A-A824-1659275C899A} = {994DEFF9-0ED1-423B-92C9-8FC96E702CA6}
		{1F5629C4-B338-48C7-A31D-DFBC7FB59DE2} = {994DEFF9-0ED1-423B-92C9-8FC96E702CA6}
		{72DA8946-AAEC-4457-B762-054E203614CA} = {994DEFF9-0ED1-423B-92C9-8FC96E702CA6}
		{1B708528-0D36-472B-ABB7-C5B7BE8A2EDC} = {7775D631-92F3-4729-9A37-B672EFF98723}
		{8AA449D3-8F1D-40B1-973C-56D3B76A6636} = {1B708528-0D36-472B-ABB7-C5B7BE8A2EDC}
		{1B79FCF3-CAE8-459D-A11C-C9A2110900F9} = {1B708528-0D36-472B-ABB7-C5B7BE8A2EDC}
		{36AA125B-34CB-4961-A0A8-24CD83504478} = {1B708528-0D36-472B-ABB7-C5B7BE8A2EDC}
		{09138F7C-9DDD-4595-9E5B-75D82524156F} = {1B708528-0D36-472B-ABB7-C5B7BE8A2EDC}
		{3700142E-4001-4B5A-AFCD-EDA257B8E428} = {1B708528-0D36-472B-ABB7-C5B7BE8A2EDC}
		{3F910FDC-7D38-4345-A4AB-CDA15CBD3202} = {1B708528-0D36-472B-ABB7-C5B7BE8A2EDC}
		{04B6755E-1892-4BB2-867F-0BF355B3D92A} = {7775D631-92F3-4729-9A37-B672EFF98723}
		{B0496534-D53E-45D5-93EF-C3D47544C788} = {04B6755E-1892-4BB2-867F-0BF355B3D92A}
		{568985A5-BDB6-482C-BEF6-812C497E1282} = {04B6755E-1892-4BB2-867F-0BF355B3D92A}
		{19256173-9035-40FF-9829-C1D2770E4664} = {04B6755E-1892-4BB2-867F-0BF355B3D92A}
		{1DE41375-C79D-4AB2-B89B-470C0E51948B} = {04B6755E-1892-4BB2-867F-0BF355B3D92A}
		{D264C680-356A-4116-9D5C-262F1D02125B} = {04B6755E-1892-4BB2-867F-0BF355B3D92A}
		{86C963F5-A652-4561-893B-5103AE5A96EA} = {ED17DA3E-EB84-44E0-BCF2-29AB4F16C717}
		{7C29DE66-AF8E-435F-AB57-2C0B11F01A5B} = {ED17DA3E-EB84-44E0-BCF2-29AB4F16C717}
		{B9708DA1-1CC5-4C16-A472-3D9D368E256F} = {ED17DA3E-EB84-44E0-BCF2-29AB4F16C717}
		{7C54199C-A9EF-42A5-9E01-4025E9D4A4EC} = {ED17DA3E-EB84-44E0-BCF2-29AB4F16C717}
		{C9FA36F0-516B-4377-8EF1-8AEF3DAD3B37} = {ED17DA3E-EB84-44E0-BCF2-29AB4F16C717}
	EndGlobalSection
EndGlobal
