
Microsoft Visual Studio Solution File, Format Version 12.00
# Visual Studio Version 17
VisualStudioVersion = 17.0.31903.59
MinimumVisualStudioVersion = 10.0.40219.1
Project("{2150E333-8FDC-42A3-9474-1A3956D46DE8}") = "src", "src", "{15A79262-3059-4F6C-A8CB-2DE166D4F665}"
EndProject
Project("{FAE04EC0-301F-11D3-BF4B-00C04F79EFBC}") = "EdgeSync.ServiceFramework.Abstractions", "src\EdgeSync.ServiceFramework.Abstractions\EdgeSync.ServiceFramework.Abstractions.csproj", "{41A5507A-49E2-4A88-AD61-BDD18C9EDDB8}"
EndProject
Project("{FAE04EC0-301F-11D3-BF4B-00C04F79EFBC}") = "EdgeSync.ServiceFramework.Core", "src\EdgeSync.ServiceFramework.Core\EdgeSync.ServiceFramework.Core.csproj", "{64D8770D-4646-47F0-AD83-B7714D67309A}"
EndProject
Project("{FAE04EC0-301F-11D3-BF4B-00C04F79EFBC}") = "EdgeSync.ServiceFramework.DependencyInjection", "src\EdgeSync.ServiceFramework.DependencyInjection\EdgeSync.ServiceFramework.DependencyInjection.csproj", "{92C565B2-E913-41D4-AE7E-74E82AE4004A}"
EndProject
Project("{FAE04EC0-301F-11D3-BF4B-00C04F79EFBC}") = "EdgeSync.ServiceFramework.Testlib", "src\EdgeSync.ServiceFramework.Testlib\EdgeSync.ServiceFramework.Testlib.csproj", "{DC60487B-228E-4BB7-A8F3-381E97F90081}"
EndProject
Project("{2150E333-8FDC-42A3-9474-1A3956D46DE8}") = "samples", "samples", "{AC8194BD-08C0-4F54-A8C6-80F8CF214254}"
EndProject
Project("{2150E333-8FDC-42A3-9474-1A3956D46DE8}") = "BookStore", "BookStore", "{2B169DEA-5434-426C-B691-B18A14A8A79D}"
EndProject
Project("{FAE04EC0-301F-11D3-BF4B-00C04F79EFBC}") = "BookStore.Application", "samples\BookStore\BookStore.Application\BookStore.Application.csproj", "{A61A55E4-E3AE-4332-8D33-63149177EC82}"
EndProject
Project("{FAE04EC0-301F-11D3-BF4B-00C04F79EFBC}") = "BookStore.Domain", "samples\BookStore\BookStore.Domain\BookStore.Domain.csproj", "{AA26F4D9-E7D1-469A-9642-3B5A3EA4EE0C}"
EndProject
Project("{FAE04EC0-301F-11D3-BF4B-00C04F79EFBC}") = "BookStore.Infrastructure", "samples\BookStore\BookStore.Infrastructure\BookStore.Infrastructure.csproj", "{809C0942-3052-4ADA-80B3-32E4DDA79375}"
EndProject
Project("{FAE04EC0-301F-11D3-BF4B-00C04F79EFBC}") = "BookStore.Nats.Api", "samples\BookStore\BookStore.Nats.Api\BookStore.Nats.Api.csproj", "{B7DD0D77-D154-4077-8F08-979824F4F7A2}"
EndProject
Project("{FAE04EC0-301F-11D3-BF4B-00C04F79EFBC}") = "BookStore.Nats.Client", "samples\BookStore\BookStore.Nats.Client\BookStore.Nats.Client.csproj", "{9789981B-4643-43D7-B2B7-1150F40D49F3}"
EndProject
Project("{FAE04EC0-301F-11D3-BF4B-00C04F79EFBC}") = "BookStore.Web.Api", "samples\BookStore\BookStore.Web.Api\BookStore.Web.Api.csproj", "{44A7A60F-BC91-417C-B3A0-BB853008F82B}"
EndProject
Project("{2150E333-8FDC-42A3-9474-1A3956D46DE8}") = "AuthorSystem", "AuthorSystem", "{F1431664-1E8C-44CA-A424-8A029BBDEA37}"
EndProject
Project("{FAE04EC0-301F-11D3-BF4B-00C04F79EFBC}") = "AuthorSystem.Application", "samples\AuthorSystem\AuthorSystem.Application\AuthorSystem.Application.csproj", "{902E4270-AA3E-4707-AE0F-C1BBD0667BF4}"
EndProject
Project("{FAE04EC0-301F-11D3-BF4B-00C04F79EFBC}") = "AuthorSystem.Domain", "samples\AuthorSystem\AuthorSystem.Domain\AuthorSystem.Domain.csproj", "{88F32670-6D29-457F-9D80-47699CE57F43}"
EndProject
Project("{FAE04EC0-301F-11D3-BF4B-00C04F79EFBC}") = "AuthorSystem.Infrastructure", "samples\AuthorSystem\AuthorSystem.Infrastructure\AuthorSystem.Infrastructure.csproj", "{1D738E57-DE54-47E1-80ED-5CCC4B5A6813}"
EndProject
Project("{FAE04EC0-301F-11D3-BF4B-00C04F79EFBC}") = "AuthorSystem.Host", "samples\AuthorSystem\AuthorSystem.Host\AuthorSystem.Host.csproj", "{FC93C76B-B7F2-488D-8CA7-79B233BB1C7A}"
EndProject
Project("{FAE04EC0-301F-11D3-BF4B-00C04F79EFBC}") = "EdgeSync.ServiceFramework.AspNetCore.Mvc", "src\EdgeSync.ServiceFramework.AspNetCore.Mvc\EdgeSync.ServiceFramework.AspNetCore.Mvc.csproj", "{4BAA7729-C2F7-47D5-B77F-5A071F38790A}"
EndProject
Project("{2150E333-8FDC-42A3-9474-1A3956D46DE8}") = "EmailSystem", "EmailSystem", "{AFE49103-D6A1-4CB1-887F-ED29F21D562B}"
EndProject
Project("{FAE04EC0-301F-11D3-BF4B-00C04F79EFBC}") = "EmailSystem.Application", "samples\EmailSystem\EmailSystem.Application\EmailSystem.Application.csproj", "{F1C915F9-A3FE-4678-ADCF-0EF55912D14C}"
EndProject
Project("{FAE04EC0-301F-11D3-BF4B-00C04F79EFBC}") = "EmailSystem.Domain", "samples\EmailSystem\EmailSystem.Domain\EmailSystem.Domain.csproj", "{0B61474F-964A-4732-8ADB-93F4E99231A0}"
EndProject
Project("{FAE04EC0-301F-11D3-BF4B-00C04F79EFBC}") = "EmailSystem.Host", "samples\EmailSystem\EmailSystem.Host\EmailSystem.Host.csproj", "{EE0FEE93-45E8-447C-8E1B-6E441A978DF2}"
EndProject
Project("{FAE04EC0-301F-11D3-BF4B-00C04F79EFBC}") = "EmailSystem.Infrastructure", "samples\EmailSystem\EmailSystem.Infrastructure\EmailSystem.Infrastructure.csproj", "{5622B642-D351-44B0-8ECA-50C72895870D}"
EndProject
Global
	GlobalSection(SolutionConfigurationPlatforms) = preSolution
		Debug|Any CPU = Debug|Any CPU
		Release|Any CPU = Release|Any CPU
	EndGlobalSection
	GlobalSection(SolutionProperties) = preSolution
		HideSolutionNode = FALSE
	EndGlobalSection
	GlobalSection(ProjectConfigurationPlatforms) = postSolution
		{DF0709A0-3356-43D3-BEE8-1D0765D6E9A7}.Debug|Any CPU.ActiveCfg = Debug|Any CPU
		{DF0709A0-3356-43D3-BEE8-1D0765D6E9A7}.Debug|Any CPU.Build.0 = Debug|Any CPU
		{DF0709A0-3356-43D3-BEE8-1D0765D6E9A7}.Release|Any CPU.ActiveCfg = Release|Any CPU
		{DF0709A0-3356-43D3-BEE8-1D0765D6E9A7}.Release|Any CPU.Build.0 = Release|Any CPU
		{41A5507A-49E2-4A88-AD61-BDD18C9EDDB8}.Debug|Any CPU.ActiveCfg = Debug|Any CPU
		{41A5507A-49E2-4A88-AD61-BDD18C9EDDB8}.Debug|Any CPU.Build.0 = Debug|Any CPU
		{41A5507A-49E2-4A88-AD61-BDD18C9EDDB8}.Release|Any CPU.ActiveCfg = Release|Any CPU
		{41A5507A-49E2-4A88-AD61-BDD18C9EDDB8}.Release|Any CPU.Build.0 = Release|Any CPU
		{64D8770D-4646-47F0-AD83-B7714D67309A}.Debug|Any CPU.ActiveCfg = Debug|Any CPU
		{64D8770D-4646-47F0-AD83-B7714D67309A}.Debug|Any CPU.Build.0 = Debug|Any CPU
		{64D8770D-4646-47F0-AD83-B7714D67309A}.Release|Any CPU.ActiveCfg = Release|Any CPU
		{64D8770D-4646-47F0-AD83-B7714D67309A}.Release|Any CPU.Build.0 = Release|Any CPU
		{92C565B2-E913-41D4-AE7E-74E82AE4004A}.Debug|Any CPU.ActiveCfg = Debug|Any CPU
		{92C565B2-E913-41D4-AE7E-74E82AE4004A}.Debug|Any CPU.Build.0 = Debug|Any CPU
		{92C565B2-E913-41D4-AE7E-74E82AE4004A}.Release|Any CPU.ActiveCfg = Release|Any CPU
		{92C565B2-E913-41D4-AE7E-74E82AE4004A}.Release|Any CPU.Build.0 = Release|Any CPU
		{DC60487B-228E-4BB7-A8F3-381E97F90081}.Debug|Any CPU.ActiveCfg = Debug|Any CPU
		{DC60487B-228E-4BB7-A8F3-381E97F90081}.Debug|Any CPU.Build.0 = Debug|Any CPU
		{DC60487B-228E-4BB7-A8F3-381E97F90081}.Release|Any CPU.ActiveCfg = Release|Any CPU
		{DC60487B-228E-4BB7-A8F3-381E97F90081}.Release|Any CPU.Build.0 = Release|Any CPU
		{A61A55E4-E3AE-4332-8D33-63149177EC82}.Debug|Any CPU.ActiveCfg = Debug|Any CPU
		{A61A55E4-E3AE-4332-8D33-63149177EC82}.Debug|Any CPU.Build.0 = Debug|Any CPU
		{A61A55E4-E3AE-4332-8D33-63149177EC82}.Release|Any CPU.ActiveCfg = Release|Any CPU
		{A61A55E4-E3AE-4332-8D33-63149177EC82}.Release|Any CPU.Build.0 = Release|Any CPU
		{AA26F4D9-E7D1-469A-9642-3B5A3EA4EE0C}.Debug|Any CPU.ActiveCfg = Debug|Any CPU
		{AA26F4D9-E7D1-469A-9642-3B5A3EA4EE0C}.Debug|Any CPU.Build.0 = Debug|Any CPU
		{AA26F4D9-E7D1-469A-9642-3B5A3EA4EE0C}.Release|Any CPU.ActiveCfg = Release|Any CPU
		{AA26F4D9-E7D1-469A-9642-3B5A3EA4EE0C}.Release|Any CPU.Build.0 = Release|Any CPU
		{809C0942-3052-4ADA-80B3-32E4DDA79375}.Debug|Any CPU.ActiveCfg = Debug|Any CPU
		{809C0942-3052-4ADA-80B3-32E4DDA79375}.Debug|Any CPU.Build.0 = Debug|Any CPU
		{809C0942-3052-4ADA-80B3-32E4DDA79375}.Release|Any CPU.ActiveCfg = Release|Any CPU
		{809C0942-3052-4ADA-80B3-32E4DDA79375}.Release|Any CPU.Build.0 = Release|Any CPU
		{B7DD0D77-D154-4077-8F08-979824F4F7A2}.Debug|Any CPU.ActiveCfg = Debug|Any CPU
		{B7DD0D77-D154-4077-8F08-979824F4F7A2}.Debug|Any CPU.Build.0 = Debug|Any CPU
		{B7DD0D77-D154-4077-8F08-979824F4F7A2}.Release|Any CPU.ActiveCfg = Release|Any CPU
		{B7DD0D77-D154-4077-8F08-979824F4F7A2}.Release|Any CPU.Build.0 = Release|Any CPU
		{9789981B-4643-43D7-B2B7-1150F40D49F3}.Debug|Any CPU.ActiveCfg = Debug|Any CPU
		{9789981B-4643-43D7-B2B7-1150F40D49F3}.Debug|Any CPU.Build.0 = Debug|Any CPU
		{9789981B-4643-43D7-B2B7-1150F40D49F3}.Release|Any CPU.ActiveCfg = Release|Any CPU
		{9789981B-4643-43D7-B2B7-1150F40D49F3}.Release|Any CPU.Build.0 = Release|Any CPU
		{44A7A60F-BC91-417C-B3A0-BB853008F82B}.Debug|Any CPU.ActiveCfg = Debug|Any CPU
		{44A7A60F-BC91-417C-B3A0-BB853008F82B}.Debug|Any CPU.Build.0 = Debug|Any CPU
		{44A7A60F-BC91-417C-B3A0-BB853008F82B}.Release|Any CPU.ActiveCfg = Release|Any CPU
		{44A7A60F-BC91-417C-B3A0-BB853008F82B}.Release|Any CPU.Build.0 = Release|Any CPU
		{902E4270-AA3E-4707-AE0F-C1BBD0667BF4}.Debug|Any CPU.ActiveCfg = Debug|Any CPU
		{902E4270-AA3E-4707-AE0F-C1BBD0667BF4}.Debug|Any CPU.Build.0 = Debug|Any CPU
		{902E4270-AA3E-4707-AE0F-C1BBD0667BF4}.Release|Any CPU.ActiveCfg = Release|Any CPU
		{902E4270-AA3E-4707-AE0F-C1BBD0667BF4}.Release|Any CPU.Build.0 = Release|Any CPU
		{88F32670-6D29-457F-9D80-47699CE57F43}.Debug|Any CPU.ActiveCfg = Debug|Any CPU
		{88F32670-6D29-457F-9D80-47699CE57F43}.Debug|Any CPU.Build.0 = Debug|Any CPU
		{88F32670-6D29-457F-9D80-47699CE57F43}.Release|Any CPU.ActiveCfg = Release|Any CPU
		{88F32670-6D29-457F-9D80-47699CE57F43}.Release|Any CPU.Build.0 = Release|Any CPU
		{1D738E57-DE54-47E1-80ED-5CCC4B5A6813}.Debug|Any CPU.ActiveCfg = Debug|Any CPU
		{1D738E57-DE54-47E1-80ED-5CCC4B5A6813}.Debug|Any CPU.Build.0 = Debug|Any CPU
		{1D738E57-DE54-47E1-80ED-5CCC4B5A6813}.Release|Any CPU.ActiveCfg = Release|Any CPU
		{1D738E57-DE54-47E1-80ED-5CCC4B5A6813}.Release|Any CPU.Build.0 = Release|Any CPU
		{FC93C76B-B7F2-488D-8CA7-79B233BB1C7A}.Debug|Any CPU.ActiveCfg = Debug|Any CPU
		{FC93C76B-B7F2-488D-8CA7-79B233BB1C7A}.Debug|Any CPU.Build.0 = Debug|Any CPU
		{FC93C76B-B7F2-488D-8CA7-79B233BB1C7A}.Release|Any CPU.ActiveCfg = Release|Any CPU
		{FC93C76B-B7F2-488D-8CA7-79B233BB1C7A}.Release|Any CPU.Build.0 = Release|Any CPU
		{4BAA7729-C2F7-47D5-B77F-5A071F38790A}.Debug|Any CPU.ActiveCfg = Debug|Any CPU
		{4BAA7729-C2F7-47D5-B77F-5A071F38790A}.Debug|Any CPU.Build.0 = Debug|Any CPU
		{4BAA7729-C2F7-47D5-B77F-5A071F38790A}.Release|Any CPU.ActiveCfg = Release|Any CPU
		{4BAA7729-C2F7-47D5-B77F-5A071F38790A}.Release|Any CPU.Build.0 = Release|Any CPU
		{F1C915F9-A3FE-4678-ADCF-0EF55912D14C}.Debug|Any CPU.ActiveCfg = Debug|Any CPU
		{F1C915F9-A3FE-4678-ADCF-0EF55912D14C}.Debug|Any CPU.Build.0 = Debug|Any CPU
		{F1C915F9-A3FE-4678-ADCF-0EF55912D14C}.Release|Any CPU.ActiveCfg = Release|Any CPU
		{F1C915F9-A3FE-4678-ADCF-0EF55912D14C}.Release|Any CPU.Build.0 = Release|Any CPU
		{0B61474F-964A-4732-8ADB-93F4E99231A0}.Debug|Any CPU.ActiveCfg = Debug|Any CPU
		{0B61474F-964A-4732-8ADB-93F4E99231A0}.Debug|Any CPU.Build.0 = Debug|Any CPU
		{0B61474F-964A-4732-8ADB-93F4E99231A0}.Release|Any CPU.ActiveCfg = Release|Any CPU
		{0B61474F-964A-4732-8ADB-93F4E99231A0}.Release|Any CPU.Build.0 = Release|Any CPU
		{EE0FEE93-45E8-447C-8E1B-6E441A978DF2}.Debug|Any CPU.ActiveCfg = Debug|Any CPU
		{EE0FEE93-45E8-447C-8E1B-6E441A978DF2}.Debug|Any CPU.Build.0 = Debug|Any CPU
		{EE0FEE93-45E8-447C-8E1B-6E441A978DF2}.Release|Any CPU.ActiveCfg = Release|Any CPU
		{EE0FEE93-45E8-447C-8E1B-6E441A978DF2}.Release|Any CPU.Build.0 = Release|Any CPU
		{5622B642-D351-44B0-8ECA-50C72895870D}.Debug|Any CPU.ActiveCfg = Debug|Any CPU
		{5622B642-D351-44B0-8ECA-50C72895870D}.Debug|Any CPU.Build.0 = Debug|Any CPU
		{5622B642-D351-44B0-8ECA-50C72895870D}.Release|Any CPU.ActiveCfg = Release|Any CPU
		{5622B642-D351-44B0-8ECA-50C72895870D}.Release|Any CPU.Build.0 = Release|Any CPU
	EndGlobalSection
	GlobalSection(NestedProjects) = preSolution
		{41A5507A-49E2-4A88-AD61-BDD18C9EDDB8} = {15A79262-3059-4F6C-A8CB-2DE166D4F665}
		{64D8770D-4646-47F0-AD83-B7714D67309A} = {15A79262-3059-4F6C-A8CB-2DE166D4F665}
		{92C565B2-E913-41D4-AE7E-74E82AE4004A} = {15A79262-3059-4F6C-A8CB-2DE166D4F665}
		{DC60487B-228E-4BB7-A8F3-381E97F90081} = {15A79262-3059-4F6C-A8CB-2DE166D4F665}
		{2B169DEA-5434-426C-B691-B18A14A8A79D} = {AC8194BD-08C0-4F54-A8C6-80F8CF214254}
		{A61A55E4-E3AE-4332-8D33-63149177EC82} = {2B169DEA-5434-426C-B691-B18A14A8A79D}
		{AA26F4D9-E7D1-469A-9642-3B5A3EA4EE0C} = {2B169DEA-5434-426C-B691-B18A14A8A79D}
		{809C0942-3052-4ADA-80B3-32E4DDA79375} = {2B169DEA-5434-426C-B691-B18A14A8A79D}
		{B7DD0D77-D154-4077-8F08-979824F4F7A2} = {2B169DEA-5434-426C-B691-B18A14A8A79D}
		{9789981B-4643-43D7-B2B7-1150F40D49F3} = {2B169DEA-5434-426C-B691-B18A14A8A79D}
		{44A7A60F-BC91-417C-B3A0-BB853008F82B} = {2B169DEA-5434-426C-B691-B18A14A8A79D}
		{F1431664-1E8C-44CA-A424-8A029BBDEA37} = {AC8194BD-08C0-4F54-A8C6-80F8CF214254}
		{902E4270-AA3E-4707-AE0F-C1BBD0667BF4} = {F1431664-1E8C-44CA-A424-8A029BBDEA37}
		{88F32670-6D29-457F-9D80-47699CE57F43} = {F1431664-1E8C-44CA-A424-8A029BBDEA37}
		{1D738E57-DE54-47E1-80ED-5CCC4B5A6813} = {F1431664-1E8C-44CA-A424-8A029BBDEA37}
		{FC93C76B-B7F2-488D-8CA7-79B233BB1C7A} = {F1431664-1E8C-44CA-A424-8A029BBDEA37}
		{4BAA7729-C2F7-47D5-B77F-5A071F38790A} = {15A79262-3059-4F6C-A8CB-2DE166D4F665}
		{AFE49103-D6A1-4CB1-887F-ED29F21D562B} = {AC8194BD-08C0-4F54-A8C6-80F8CF214254}
		{F1C915F9-A3FE-4678-ADCF-0EF55912D14C} = {AFE49103-D6A1-4CB1-887F-ED29F21D562B}
		{0B61474F-964A-4732-8ADB-93F4E99231A0} = {AFE49103-D6A1-4CB1-887F-ED29F21D562B}
		{EE0FEE93-45E8-447C-8E1B-6E441A978DF2} = {AFE49103-D6A1-4CB1-887F-ED29F21D562B}
		{5622B642-D351-44B0-8ECA-50C72895870D} = {AFE49103-D6A1-4CB1-887F-ED29F21D562B}
	EndGlobalSection
EndGlobal
